
Microsoft Visual Studio Solution File, Format Version 12.00
# Visual Studio 15
VisualStudioVersion = 15.0.26430.14
MinimumVisualStudioVersion = 10.0.40219.1
Project("{FAE04EC0-301F-11D3-BF4B-00C04F79EFBC}") = "DesignStandard", "DesignStandard\DesignStandard.csproj", "{58111694-27B6-4375-BB51-6D06DF1597EF}"
EndProject
Project("{FAE04EC0-301F-11D3-BF4B-00C04F79EFBC}") = "ClassLibrary3", "ClassLibrary3\ClassLibrary3.csproj", "{4C6A73BC-0BB1-4E9E-9052-AF335CD3E96C}"
EndProject
Global
	GlobalSection(SolutionConfigurationPlatforms) = preSolution
		Debug|Any CPU = Debug|Any CPU
		Release|Any CPU = Release|Any CPU
	EndGlobalSection
	GlobalSection(ProjectConfigurationPlatforms) = postSolution
		{58111694-27B6-4375-BB51-6D06DF1597EF}.Debug|Any CPU.ActiveCfg = Debug|Any CPU
		{58111694-27B6-4375-BB51-6D06DF1597EF}.Debug|Any CPU.Build.0 = Debug|Any CPU
		{58111694-27B6-4375-BB51-6D06DF1597EF}.Release|Any CPU.ActiveCfg = Release|Any CPU
		{58111694-27B6-4375-BB51-6D06DF1597EF}.Release|Any CPU.Build.0 = Release|Any CPU
		{4C6A73BC-0BB1-4E9E-9052-AF335CD3E96C}.Debug|Any CPU.ActiveCfg = Debug|Any CPU
		{4C6A73BC-0BB1-4E9E-9052-AF335CD3E96C}.Debug|Any CPU.Build.0 = Debug|Any CPU
		{4C6A73BC-0BB1-4E9E-9052-AF335CD3E96C}.Release|Any CPU.ActiveCfg = Release|Any CPU
		{4C6A73BC-0BB1-4E9E-9052-AF335CD3E96C}.Release|Any CPU.Build.0 = Release|Any CPU
	EndGlobalSection
	GlobalSection(SolutionProperties) = preSolution
		HideSolutionNode = FALSE
	EndGlobalSection
EndGlobal
